github.com/hugolify/hugolify-decap-cms v1.15.1 h1:QFSczFiQHSunQ/g3+dHZMDivXS2Hh8XqtLJxcJ8a20M=
github.com/hugolify/hugolify-decap-cms v1.15.1/go.mod h1:lxqV0lEahrLATtKBgUbj/c9fQE1XGpaJSIaLk9D/hRA=
github.com/hugolify/hugolify-sveltia-cms v0.0.0-20240617091809-e68ec6bf365d h1:yWWRbBBB4LOl0a0nQsg9131nL1HR4xBlQccZRdWtVuk=
github.com/hugolify/hugolify-sveltia-cms v0.0.0-20240617091809-e68ec6bf365d/go.mod h1:4xUxbv+Su+7QYREOmawx+SVAWwkUV7MCiYV0euEusF4=
github.com/richtong/gohugo-theme-ananke v0.0.0-20241013184817-41b50e74a42b h1:gYICmY/Awro+69qjCPPVHyyfcsOIpYUUvN4dcuNlr6M=
github.com/richtong/gohugo-theme-ananke v0.0.0-20241013184817-41b50e74a42b/go.mod h1:uuR9qAt4hIhGBAfcJde627Kbh5Oe0L9uGW7CCN/sSWI=
